
Microsoft Visual Studio Solution File, Format Version 12.00
# Visual Studio Version 17
VisualStudioVersion = 17.7.34202.233
MinimumVisualStudioVersion = 10.0.40219.1
Project("{8BC9CEB8-8B4A-11D0-8D11-00A0C91BC942}") = "BattleShip", "BattleShip\BattleShip.vcxproj", "{9CC5A2F4-5C16-423F-8015-C3C6A03BC72C}"
EndProject
Global
	GlobalSection(SolutionConfigurationPlatforms) = preSolution
		Debug|x64 = Debug|x64
		Debug|x86 = Debug|x86
		Release|x64 = Release|x64
		Release|x86 = Release|x86
	EndGlobalSection
	GlobalSection(ProjectConfigurationPlatforms) = postSolution
		{9CC5A2F4-5C16-423F-8015-C3C6A03BC72C}.Debug|x64.ActiveCfg = Debug|x64
		{9CC5A2F4-5C16-423F-8015-C3C6A03BC72C}.Debug|x64.Build.0 = Debug|x64
		{9CC5A2F4-5C16-423F-8015-C3C6A03BC72C}.Debug|x86.ActiveCfg = Debug|Win32
		{9CC5A2F4-5C16-423F-8015-C3C6A03BC72C}.Debug|x86.Build.0 = Debug|Win32
		{9CC5A2F4-5C16-423F-8015-C3C6A03BC72C}.Release|x64.ActiveCfg = Release|x64
		{9CC5A2F4-5C16-423F-8015-C3C6A03BC72C}.Release|x64.Build.0 = Release|x64
		{9CC5A2F4-5C16-423F-8015-C3C6A03BC72C}.Release|x86.ActiveCfg = Release|Win32
		{9CC5A2F4-5C16-423F-8015-C3C6A03BC72C}.Release|x86.Build.0 = Release|Win32
	EndGlobalSection
	GlobalSection(SolutionProperties) = preSolution
		HideSolutionNode = FALSE
	EndGlobalSection
	GlobalSection(ExtensibilityGlobals) = postSolution
		SolutionGuid = {2C62B399-6BA9-47D7-AAE6-957FD366BB42}
	EndGlobalSection
EndGlobal
